
Microsoft Visual Studio Solution File, Format Version 12.00
# Visual Studio 15
VisualStudioVersion = 15.0.26730.10
MinimumVisualStudioVersion = 10.0.40219.1
Project("{9A19103F-16F7-4668-BE54-9A1E7A4F7556}") = "Web.Services", "Web.Services\Web.Services.csproj", "{F49142B6-EB3D-4042-8B84-75C06D8B647C}"
EndProject
Project("{9A19103F-16F7-4668-BE54-9A1E7A4F7556}") = "Data", "Data\Data.csproj", "{20E89F2B-FF65-4648-B1BF-EB2D5F4941C7}"
EndProject
Project("{9A19103F-16F7-4668-BE54-9A1E7A4F7556}") = "Data.Simulate", "Data.Simulate\Data.Simulate.csproj", "{8F13BDCC-5678-423E-B264-354F3D76777D}"
EndProject
Project("{9A19103F-16F7-4668-BE54-9A1E7A4F7556}") = "Data.Source", "Data.Source\Data.Source.csproj", "{2EE84BB5-20C6-4221-8C33-3338994C8ED8}"
EndProject
Project("{9A19103F-16F7-4668-BE54-9A1E7A4F7556}") = "Evapotranspiration", "Evapotranspiration\Evapotranspiration.csproj", "{5DEE9383-113A-4726-8F92-EA62FD422B10}"
EndProject
Project("{9A19103F-16F7-4668-BE54-9A1E7A4F7556}") = "GIS.Operations", "GIS.Operations\GIS.Operations.csproj", "{937E4CD5-DDF3-4AE6-9DE0-FF2CBF8D97BD}"
EndProject
Project("{9A19103F-16F7-4668-BE54-9A1E7A4F7556}") = "Precipitation", "Precipitation\Precipitation.csproj", "{BB946F77-DD6A-45A1-937B-4C3A4C843282}"
EndProject
Project("{9A19103F-16F7-4668-BE54-9A1E7A4F7556}") = "SoilMoisture", "SoilMoisture\SoilMoisture.csproj", "{23CF652F-17A7-446E-8893-51F2D9002303}"
EndProject
Project("{9A19103F-16F7-4668-BE54-9A1E7A4F7556}") = "SubSurfaceFlow", "SubSurfaceFlow\SubSurfaceFlow.csproj", "{59ADCD07-4012-45BA-A126-8A9BE6AAFE96}"
EndProject
Project("{9A19103F-16F7-4668-BE54-9A1E7A4F7556}") = "SurfaceRunoff", "SurfaceRunoff\SurfaceRunoff.csproj", "{4EC92018-5E18-4B2E-A989-65EE97CE9EA2}"
EndProject
Project("{9A19103F-16F7-4668-BE54-9A1E7A4F7556}") = "Temperature", "Temperature\Temperature.csproj", "{EF390FC4-7BF6-424A-8FD4-0438A1DD742A}"
EndProject
Project("{9A19103F-16F7-4668-BE54-9A1E7A4F7556}") = "Utilities", "Utilities\Utilities.csproj", "{FCC97F4D-27F8-49EE-8C94-6BD1EA1A0B5F}"
EndProject
Project("{9A19103F-16F7-4668-BE54-9A1E7A4F7556}") = "Solar", "Solar\Solar.csproj", "{7AADFAEA-47A6-47E6-9533-24E2EB2527E9}"
EndProject
Project("{9A19103F-16F7-4668-BE54-9A1E7A4F7556}") = "Solar.Tests", "Solar.Tests\Solar.Tests.csproj", "{5FB32D99-90F0-4601-A1C8-DF48BA751BC4}"
EndProject
Project("{FAE04EC0-301F-11D3-BF4B-00C04F79EFBC}") = "Data.Tests", "Data.Tests\Data.Tests.csproj", "{88410378-C651-432C-A44B-6A9AC6FA0BD8}"
EndProject
Global
	GlobalSection(SolutionConfigurationPlatforms) = preSolution
		Debug|Any CPU = Debug|Any CPU
		Release|Any CPU = Release|Any CPU
	EndGlobalSection
	GlobalSection(ProjectConfigurationPlatforms) = postSolution
		{F49142B6-EB3D-4042-8B84-75C06D8B647C}.Debug|Any CPU.ActiveCfg = Debug|Any CPU
		{F49142B6-EB3D-4042-8B84-75C06D8B647C}.Debug|Any CPU.Build.0 = Debug|Any CPU
		{F49142B6-EB3D-4042-8B84-75C06D8B647C}.Release|Any CPU.ActiveCfg = Release|Any CPU
		{F49142B6-EB3D-4042-8B84-75C06D8B647C}.Release|Any CPU.Build.0 = Release|Any CPU
		{20E89F2B-FF65-4648-B1BF-EB2D5F4941C7}.Debug|Any CPU.ActiveCfg = Debug|Any CPU
		{20E89F2B-FF65-4648-B1BF-EB2D5F4941C7}.Debug|Any CPU.Build.0 = Debug|Any CPU
		{20E89F2B-FF65-4648-B1BF-EB2D5F4941C7}.Release|Any CPU.ActiveCfg = Release|Any CPU
		{20E89F2B-FF65-4648-B1BF-EB2D5F4941C7}.Release|Any CPU.Build.0 = Release|Any CPU
		{8F13BDCC-5678-423E-B264-354F3D76777D}.Debug|Any CPU.ActiveCfg = Debug|Any CPU
		{8F13BDCC-5678-423E-B264-354F3D76777D}.Debug|Any CPU.Build.0 = Debug|Any CPU
		{8F13BDCC-5678-423E-B264-354F3D76777D}.Release|Any CPU.ActiveCfg = Release|Any CPU
		{8F13BDCC-5678-423E-B264-354F3D76777D}.Release|Any CPU.Build.0 = Release|Any CPU
		{2EE84BB5-20C6-4221-8C33-3338994C8ED8}.Debug|Any CPU.ActiveCfg = Debug|Any CPU
		{2EE84BB5-20C6-4221-8C33-3338994C8ED8}.Debug|Any CPU.Build.0 = Debug|Any CPU
		{2EE84BB5-20C6-4221-8C33-3338994C8ED8}.Release|Any CPU.ActiveCfg = Release|Any CPU
		{2EE84BB5-20C6-4221-8C33-3338994C8ED8}.Release|Any CPU.Build.0 = Release|Any CPU
		{5DEE9383-113A-4726-8F92-EA62FD422B10}.Debug|Any CPU.ActiveCfg = Debug|Any CPU
		{5DEE9383-113A-4726-8F92-EA62FD422B10}.Debug|Any CPU.Build.0 = Debug|Any CPU
		{5DEE9383-113A-4726-8F92-EA62FD422B10}.Release|Any CPU.ActiveCfg = Release|Any CPU
		{5DEE9383-113A-4726-8F92-EA62FD422B10}.Release|Any CPU.Build.0 = Release|Any CPU
		{937E4CD5-DDF3-4AE6-9DE0-FF2CBF8D97BD}.Debug|Any CPU.ActiveCfg = Debug|Any CPU
		{937E4CD5-DDF3-4AE6-9DE0-FF2CBF8D97BD}.Debug|Any CPU.Build.0 = Debug|Any CPU
		{937E4CD5-DDF3-4AE6-9DE0-FF2CBF8D97BD}.Release|Any CPU.ActiveCfg = Release|Any CPU
		{937E4CD5-DDF3-4AE6-9DE0-FF2CBF8D97BD}.Release|Any CPU.Build.0 = Release|Any CPU
		{BB946F77-DD6A-45A1-937B-4C3A4C843282}.Debug|Any CPU.ActiveCfg = Debug|Any CPU
		{BB946F77-DD6A-45A1-937B-4C3A4C843282}.Debug|Any CPU.Build.0 = Debug|Any CPU
		{BB946F77-DD6A-45A1-937B-4C3A4C843282}.Release|Any CPU.ActiveCfg = Release|Any CPU
		{BB946F77-DD6A-45A1-937B-4C3A4C843282}.Release|Any CPU.Build.0 = Release|Any CPU
		{23CF652F-17A7-446E-8893-51F2D9002303}.Debug|Any CPU.ActiveCfg = Debug|Any CPU
		{23CF652F-17A7-446E-8893-51F2D9002303}.Debug|Any CPU.Build.0 = Debug|Any CPU
		{23CF652F-17A7-446E-8893-51F2D9002303}.Release|Any CPU.ActiveCfg = Release|Any CPU
		{23CF652F-17A7-446E-8893-51F2D9002303}.Release|Any CPU.Build.0 = Release|Any CPU
		{59ADCD07-4012-45BA-A126-8A9BE6AAFE96}.Debug|Any CPU.ActiveCfg = Debug|Any CPU
		{59ADCD07-4012-45BA-A126-8A9BE6AAFE96}.Debug|Any CPU.Build.0 = Debug|Any CPU
		{59ADCD07-4012-45BA-A126-8A9BE6AAFE96}.Release|Any CPU.ActiveCfg = Release|Any CPU
		{59ADCD07-4012-45BA-A126-8A9BE6AAFE96}.Release|Any CPU.Build.0 = Release|Any CPU
		{4EC92018-5E18-4B2E-A989-65EE97CE9EA2}.Debug|Any CPU.ActiveCfg = Debug|Any CPU
		{4EC92018-5E18-4B2E-A989-65EE97CE9EA2}.Debug|Any CPU.Build.0 = Debug|Any CPU
		{4EC92018-5E18-4B2E-A989-65EE97CE9EA2}.Release|Any CPU.ActiveCfg = Release|Any CPU
		{4EC92018-5E18-4B2E-A989-65EE97CE9EA2}.Release|Any CPU.Build.0 = Release|Any CPU
		{EF390FC4-7BF6-424A-8FD4-0438A1DD742A}.Debug|Any CPU.ActiveCfg = Debug|Any CPU
		{EF390FC4-7BF6-424A-8FD4-0438A1DD742A}.Debug|Any CPU.Build.0 = Debug|Any CPU
		{EF390FC4-7BF6-424A-8FD4-0438A1DD742A}.Release|Any CPU.ActiveCfg = Release|Any CPU
		{EF390FC4-7BF6-424A-8FD4-0438A1DD742A}.Release|Any CPU.Build.0 = Release|Any CPU
		{FCC97F4D-27F8-49EE-8C94-6BD1EA1A0B5F}.Debug|Any CPU.ActiveCfg = Debug|Any CPU
		{FCC97F4D-27F8-49EE-8C94-6BD1EA1A0B5F}.Debug|Any CPU.Build.0 = Debug|Any CPU
		{FCC97F4D-27F8-49EE-8C94-6BD1EA1A0B5F}.Release|Any CPU.ActiveCfg = Release|Any CPU
		{FCC97F4D-27F8-49EE-8C94-6BD1EA1A0B5F}.Release|Any CPU.Build.0 = Release|Any CPU
		{7AADFAEA-47A6-47E6-9533-24E2EB2527E9}.Debug|Any CPU.ActiveCfg = Debug|Any CPU
		{7AADFAEA-47A6-47E6-9533-24E2EB2527E9}.Debug|Any CPU.Build.0 = Debug|Any CPU
		{7AADFAEA-47A6-47E6-9533-24E2EB2527E9}.Release|Any CPU.ActiveCfg = Release|Any CPU
		{7AADFAEA-47A6-47E6-9533-24E2EB2527E9}.Release|Any CPU.Build.0 = Release|Any CPU
		{5FB32D99-90F0-4601-A1C8-DF48BA751BC4}.Debug|Any CPU.ActiveCfg = Debug|Any CPU
		{5FB32D99-90F0-4601-A1C8-DF48BA751BC4}.Debug|Any CPU.Build.0 = Debug|Any CPU
		{5FB32D99-90F0-4601-A1C8-DF48BA751BC4}.Release|Any CPU.ActiveCfg = Release|Any CPU
		{5FB32D99-90F0-4601-A1C8-DF48BA751BC4}.Release|Any CPU.Build.0 = Release|Any CPU
		{88410378-C651-432C-A44B-6A9AC6FA0BD8}.Debug|Any CPU.ActiveCfg = Debug|Any CPU
		{88410378-C651-432C-A44B-6A9AC6FA0BD8}.Debug|Any CPU.Build.0 = Debug|Any CPU
		{88410378-C651-432C-A44B-6A9AC6FA0BD8}.Release|Any CPU.ActiveCfg = Release|Any CPU
		{88410378-C651-432C-A44B-6A9AC6FA0BD8}.Release|Any CPU.Build.0 = Release|Any CPU
	EndGlobalSection
	GlobalSection(SolutionProperties) = preSolution
		HideSolutionNode = FALSE
	EndGlobalSection
	GlobalSection(ExtensibilityGlobals) = postSolution
		SolutionGuid = {FBF70946-6D07-4036-B94E-A02FBC95703F}
	EndGlobalSection
EndGlobal
