
Microsoft Visual Studio Solution File, Format Version 12.00
# Visual Studio 14
VisualStudioVersion = 14.0.25420.1
MinimumVisualStudioVersion = 10.0.40219.1
Project("{FAE04EC0-301F-11D3-BF4B-00C04F79EFBC}") = "Precipitation", "Precipitation\Precipitation.csproj", "{BCB6055C-BAE3-4A93-A6B7-0AB305D8EB40}"
EndProject
Project("{FAE04EC0-301F-11D3-BF4B-00C04F79EFBC}") = "HMSLDAS", "HMSLDAS\HMSLDAS.csproj", "{FF9B999F-7EB7-4785-9EC1-83D8DA35A2FF}"
EndProject
Project("{FAE04EC0-301F-11D3-BF4B-00C04F79EFBC}") = "HMSGDAL", "HMSGDAL\HMSGDAL.csproj", "{FB3B67FD-8840-411F-B717-DEEAC8499B2C}"
EndProject
Project("{FAE04EC0-301F-11D3-BF4B-00C04F79EFBC}") = "HMSTimeSeries", "HMSTimeSeries\HMSTimeSeries.csproj", "{DE6AC2E8-6567-4185-B81B-D549B19107CA}"
EndProject
Project("{FAE04EC0-301F-11D3-BF4B-00C04F79EFBC}") = "HMSJSON", "HMSJSON\HMSJSON.csproj", "{C6AE58AD-7AF6-4EDB-8157-20CE812DC787}"
EndProject
Project("{FAE04EC0-301F-11D3-BF4B-00C04F79EFBC}") = "WindowsFormsApplication1", "WindowsFormsApplication1\WindowsFormsApplication1.csproj", "{5A91EE44-E921-4CA9-AB71-64740FB25EA7}"
EndProject
Project("{FAE04EC0-301F-11D3-BF4B-00C04F79EFBC}") = "LandSurfaceFlow", "LandSurfaceFlow\LandSurfaceFlow.csproj", "{7C603669-A99D-4E00-B5F8-A97CE45C8254}"
EndProject
Project("{FAE04EC0-301F-11D3-BF4B-00C04F79EFBC}") = "HMSWebServices", "HMSWebServices\HMSWebServices.csproj", "{20E66872-E248-444D-B918-F0A9AB39E85C}"
EndProject
Project("{FAE04EC0-301F-11D3-BF4B-00C04F79EFBC}") = "BaseFlow", "BaseFlow\BaseFlow.csproj", "{27CFE5E5-8C04-45A9-8E86-A8F66915255E}"
EndProject
Project("{FAE04EC0-301F-11D3-BF4B-00C04F79EFBC}") = "TotalFlow", "TotalFlow\TotalFlow.csproj", "{F6B9DF59-4208-4202-9F5E-AF98EDD4B4C8}"
EndProject
Project("{FAE04EC0-301F-11D3-BF4B-00C04F79EFBC}") = "Evapotranspiration", "Evapotranspiration\Evapotranspiration.csproj", "{3DB6CAEB-FDBE-41FE-A22E-2C09A3587D76}"
EndProject
Project("{FAE04EC0-301F-11D3-BF4B-00C04F79EFBC}") = "CompleteDataSet", "CompleteDataSet\CompleteDataSet.csproj", "{1D7CF4DC-05A5-4D2A-9630-ED29D54E14CC}"
EndProject
Project("{FAE04EC0-301F-11D3-BF4B-00C04F79EFBC}") = "SoilMoisture", "SoilMoisture\SoilMoisture.csproj", "{2B040225-C65A-4358-A614-1FDC50D4CBBB}"
EndProject
Project("{FAE04EC0-301F-11D3-BF4B-00C04F79EFBC}") = "UnitTests_HMSGDAL", "UnitTests_HMSGDAL\UnitTests_HMSGDAL.csproj", "{FB91C96B-D502-44E9-8BB8-B4F8A540A2D0}"
EndProject
Project("{FAE04EC0-301F-11D3-BF4B-00C04F79EFBC}") = "HMSDaymet", "HMSDaymet\HMSDaymet.csproj", "{0FC7FAE1-3D38-44B7-B6D7-4DCF951D9F76}"
EndProject
Project("{FAE04EC0-301F-11D3-BF4B-00C04F79EFBC}") = "HMSNCDC", "HMSNCDC\HMSNCDC.csproj", "{1ACFD2BC-7FB2-48C4-BE76-30FE92B34C41}"
EndProject
Project("{FAE04EC0-301F-11D3-BF4B-00C04F79EFBC}") = "Temperature", "Temperature\Temperature.csproj", "{889D4B83-D52C-4B4F-8367-FB6AC0DC1A7C}"
EndProject
Project("{FAE04EC0-301F-11D3-BF4B-00C04F79EFBC}") = "HMSUtils", "HMSUtils\HMSUtils.csproj", "{283D257E-8BC2-4BB7-877E-8D8273876095}"
EndProject
Global
	GlobalSection(SolutionConfigurationPlatforms) = preSolution
		Debug|Any CPU = Debug|Any CPU
		Debug|x86 = Debug|x86
		Release|Any CPU = Release|Any CPU
		Release|x86 = Release|x86
	EndGlobalSection
	GlobalSection(ProjectConfigurationPlatforms) = postSolution
		{BCB6055C-BAE3-4A93-A6B7-0AB305D8EB40}.Debug|Any CPU.ActiveCfg = Debug|Any CPU
		{BCB6055C-BAE3-4A93-A6B7-0AB305D8EB40}.Debug|Any CPU.Build.0 = Debug|Any CPU
		{BCB6055C-BAE3-4A93-A6B7-0AB305D8EB40}.Debug|x86.ActiveCfg = Debug|Any CPU
		{BCB6055C-BAE3-4A93-A6B7-0AB305D8EB40}.Debug|x86.Build.0 = Debug|Any CPU
		{BCB6055C-BAE3-4A93-A6B7-0AB305D8EB40}.Release|Any CPU.ActiveCfg = Release|Any CPU
		{BCB6055C-BAE3-4A93-A6B7-0AB305D8EB40}.Release|Any CPU.Build.0 = Release|Any CPU
		{BCB6055C-BAE3-4A93-A6B7-0AB305D8EB40}.Release|x86.ActiveCfg = Release|Any CPU
		{BCB6055C-BAE3-4A93-A6B7-0AB305D8EB40}.Release|x86.Build.0 = Release|Any CPU
		{FF9B999F-7EB7-4785-9EC1-83D8DA35A2FF}.Debug|Any CPU.ActiveCfg = Debug|Any CPU
		{FF9B999F-7EB7-4785-9EC1-83D8DA35A2FF}.Debug|Any CPU.Build.0 = Debug|Any CPU
		{FF9B999F-7EB7-4785-9EC1-83D8DA35A2FF}.Debug|x86.ActiveCfg = Debug|Any CPU
		{FF9B999F-7EB7-4785-9EC1-83D8DA35A2FF}.Debug|x86.Build.0 = Debug|Any CPU
		{FF9B999F-7EB7-4785-9EC1-83D8DA35A2FF}.Release|Any CPU.ActiveCfg = Release|Any CPU
		{FF9B999F-7EB7-4785-9EC1-83D8DA35A2FF}.Release|Any CPU.Build.0 = Release|Any CPU
		{FF9B999F-7EB7-4785-9EC1-83D8DA35A2FF}.Release|x86.ActiveCfg = Release|Any CPU
		{FF9B999F-7EB7-4785-9EC1-83D8DA35A2FF}.Release|x86.Build.0 = Release|Any CPU
		{FB3B67FD-8840-411F-B717-DEEAC8499B2C}.Debug|Any CPU.ActiveCfg = Debug|Any CPU
		{FB3B67FD-8840-411F-B717-DEEAC8499B2C}.Debug|Any CPU.Build.0 = Debug|Any CPU
		{FB3B67FD-8840-411F-B717-DEEAC8499B2C}.Debug|x86.ActiveCfg = Debug|Any CPU
		{FB3B67FD-8840-411F-B717-DEEAC8499B2C}.Debug|x86.Build.0 = Debug|Any CPU
		{FB3B67FD-8840-411F-B717-DEEAC8499B2C}.Release|Any CPU.ActiveCfg = Release|Any CPU
		{FB3B67FD-8840-411F-B717-DEEAC8499B2C}.Release|Any CPU.Build.0 = Release|Any CPU
		{FB3B67FD-8840-411F-B717-DEEAC8499B2C}.Release|x86.ActiveCfg = Release|Any CPU
		{FB3B67FD-8840-411F-B717-DEEAC8499B2C}.Release|x86.Build.0 = Release|Any CPU
		{DE6AC2E8-6567-4185-B81B-D549B19107CA}.Debug|Any CPU.ActiveCfg = Debug|Any CPU
		{DE6AC2E8-6567-4185-B81B-D549B19107CA}.Debug|Any CPU.Build.0 = Debug|Any CPU
		{DE6AC2E8-6567-4185-B81B-D549B19107CA}.Debug|x86.ActiveCfg = Debug|Any CPU
		{DE6AC2E8-6567-4185-B81B-D549B19107CA}.Debug|x86.Build.0 = Debug|Any CPU
		{DE6AC2E8-6567-4185-B81B-D549B19107CA}.Release|Any CPU.ActiveCfg = Release|Any CPU
		{DE6AC2E8-6567-4185-B81B-D549B19107CA}.Release|Any CPU.Build.0 = Release|Any CPU
		{DE6AC2E8-6567-4185-B81B-D549B19107CA}.Release|x86.ActiveCfg = Release|Any CPU
		{DE6AC2E8-6567-4185-B81B-D549B19107CA}.Release|x86.Build.0 = Release|Any CPU
		{C6AE58AD-7AF6-4EDB-8157-20CE812DC787}.Debug|Any CPU.ActiveCfg = Debug|Any CPU
		{C6AE58AD-7AF6-4EDB-8157-20CE812DC787}.Debug|Any CPU.Build.0 = Debug|Any CPU
		{C6AE58AD-7AF6-4EDB-8157-20CE812DC787}.Debug|x86.ActiveCfg = Debug|Any CPU
		{C6AE58AD-7AF6-4EDB-8157-20CE812DC787}.Debug|x86.Build.0 = Debug|Any CPU
		{C6AE58AD-7AF6-4EDB-8157-20CE812DC787}.Release|Any CPU.ActiveCfg = Release|Any CPU
		{C6AE58AD-7AF6-4EDB-8157-20CE812DC787}.Release|Any CPU.Build.0 = Release|Any CPU
		{C6AE58AD-7AF6-4EDB-8157-20CE812DC787}.Release|x86.ActiveCfg = Release|Any CPU
		{C6AE58AD-7AF6-4EDB-8157-20CE812DC787}.Release|x86.Build.0 = Release|Any CPU
		{5A91EE44-E921-4CA9-AB71-64740FB25EA7}.Debug|Any CPU.ActiveCfg = Debug|Any CPU
		{5A91EE44-E921-4CA9-AB71-64740FB25EA7}.Debug|Any CPU.Build.0 = Debug|Any CPU
		{5A91EE44-E921-4CA9-AB71-64740FB25EA7}.Debug|x86.ActiveCfg = Debug|x86
		{5A91EE44-E921-4CA9-AB71-64740FB25EA7}.Debug|x86.Build.0 = Debug|x86
		{5A91EE44-E921-4CA9-AB71-64740FB25EA7}.Release|Any CPU.ActiveCfg = Release|Any CPU
		{5A91EE44-E921-4CA9-AB71-64740FB25EA7}.Release|Any CPU.Build.0 = Release|Any CPU
		{5A91EE44-E921-4CA9-AB71-64740FB25EA7}.Release|x86.ActiveCfg = Release|x86
		{5A91EE44-E921-4CA9-AB71-64740FB25EA7}.Release|x86.Build.0 = Release|x86
		{7C603669-A99D-4E00-B5F8-A97CE45C8254}.Debug|Any CPU.ActiveCfg = Debug|Any CPU
		{7C603669-A99D-4E00-B5F8-A97CE45C8254}.Debug|Any CPU.Build.0 = Debug|Any CPU
		{7C603669-A99D-4E00-B5F8-A97CE45C8254}.Debug|x86.ActiveCfg = Debug|Any CPU
		{7C603669-A99D-4E00-B5F8-A97CE45C8254}.Debug|x86.Build.0 = Debug|Any CPU
		{7C603669-A99D-4E00-B5F8-A97CE45C8254}.Release|Any CPU.ActiveCfg = Release|Any CPU
		{7C603669-A99D-4E00-B5F8-A97CE45C8254}.Release|Any CPU.Build.0 = Release|Any CPU
		{7C603669-A99D-4E00-B5F8-A97CE45C8254}.Release|x86.ActiveCfg = Release|Any CPU
		{7C603669-A99D-4E00-B5F8-A97CE45C8254}.Release|x86.Build.0 = Release|Any CPU
		{20E66872-E248-444D-B918-F0A9AB39E85C}.Debug|Any CPU.ActiveCfg = Debug|Any CPU
		{20E66872-E248-444D-B918-F0A9AB39E85C}.Debug|Any CPU.Build.0 = Debug|Any CPU
		{20E66872-E248-444D-B918-F0A9AB39E85C}.Debug|x86.ActiveCfg = Debug|Any CPU
		{20E66872-E248-444D-B918-F0A9AB39E85C}.Debug|x86.Build.0 = Debug|Any CPU
		{20E66872-E248-444D-B918-F0A9AB39E85C}.Release|Any CPU.ActiveCfg = Release|Any CPU
		{20E66872-E248-444D-B918-F0A9AB39E85C}.Release|Any CPU.Build.0 = Release|Any CPU
		{20E66872-E248-444D-B918-F0A9AB39E85C}.Release|x86.ActiveCfg = Release|Any CPU
		{20E66872-E248-444D-B918-F0A9AB39E85C}.Release|x86.Build.0 = Release|Any CPU
		{27CFE5E5-8C04-45A9-8E86-A8F66915255E}.Debug|Any CPU.ActiveCfg = Debug|Any CPU
		{27CFE5E5-8C04-45A9-8E86-A8F66915255E}.Debug|Any CPU.Build.0 = Debug|Any CPU
		{27CFE5E5-8C04-45A9-8E86-A8F66915255E}.Debug|x86.ActiveCfg = Debug|Any CPU
		{27CFE5E5-8C04-45A9-8E86-A8F66915255E}.Debug|x86.Build.0 = Debug|Any CPU
		{27CFE5E5-8C04-45A9-8E86-A8F66915255E}.Release|Any CPU.ActiveCfg = Release|Any CPU
		{27CFE5E5-8C04-45A9-8E86-A8F66915255E}.Release|Any CPU.Build.0 = Release|Any CPU
		{27CFE5E5-8C04-45A9-8E86-A8F66915255E}.Release|x86.ActiveCfg = Release|Any CPU
		{27CFE5E5-8C04-45A9-8E86-A8F66915255E}.Release|x86.Build.0 = Release|Any CPU
		{F6B9DF59-4208-4202-9F5E-AF98EDD4B4C8}.Debug|Any CPU.ActiveCfg = Debug|Any CPU
		{F6B9DF59-4208-4202-9F5E-AF98EDD4B4C8}.Debug|Any CPU.Build.0 = Debug|Any CPU
		{F6B9DF59-4208-4202-9F5E-AF98EDD4B4C8}.Debug|x86.ActiveCfg = Debug|Any CPU
		{F6B9DF59-4208-4202-9F5E-AF98EDD4B4C8}.Debug|x86.Build.0 = Debug|Any CPU
		{F6B9DF59-4208-4202-9F5E-AF98EDD4B4C8}.Release|Any CPU.ActiveCfg = Release|Any CPU
		{F6B9DF59-4208-4202-9F5E-AF98EDD4B4C8}.Release|Any CPU.Build.0 = Release|Any CPU
		{F6B9DF59-4208-4202-9F5E-AF98EDD4B4C8}.Release|x86.ActiveCfg = Release|Any CPU
		{F6B9DF59-4208-4202-9F5E-AF98EDD4B4C8}.Release|x86.Build.0 = Release|Any CPU
		{3DB6CAEB-FDBE-41FE-A22E-2C09A3587D76}.Debug|Any CPU.ActiveCfg = Debug|Any CPU
		{3DB6CAEB-FDBE-41FE-A22E-2C09A3587D76}.Debug|Any CPU.Build.0 = Debug|Any CPU
		{3DB6CAEB-FDBE-41FE-A22E-2C09A3587D76}.Debug|x86.ActiveCfg = Debug|Any CPU
		{3DB6CAEB-FDBE-41FE-A22E-2C09A3587D76}.Debug|x86.Build.0 = Debug|Any CPU
		{3DB6CAEB-FDBE-41FE-A22E-2C09A3587D76}.Release|Any CPU.ActiveCfg = Release|Any CPU
		{3DB6CAEB-FDBE-41FE-A22E-2C09A3587D76}.Release|Any CPU.Build.0 = Release|Any CPU
		{3DB6CAEB-FDBE-41FE-A22E-2C09A3587D76}.Release|x86.ActiveCfg = Release|Any CPU
		{3DB6CAEB-FDBE-41FE-A22E-2C09A3587D76}.Release|x86.Build.0 = Release|Any CPU
		{1D7CF4DC-05A5-4D2A-9630-ED29D54E14CC}.Debug|Any CPU.ActiveCfg = Debug|Any CPU
		{1D7CF4DC-05A5-4D2A-9630-ED29D54E14CC}.Debug|Any CPU.Build.0 = Debug|Any CPU
		{1D7CF4DC-05A5-4D2A-9630-ED29D54E14CC}.Debug|x86.ActiveCfg = Debug|Any CPU
		{1D7CF4DC-05A5-4D2A-9630-ED29D54E14CC}.Debug|x86.Build.0 = Debug|Any CPU
		{1D7CF4DC-05A5-4D2A-9630-ED29D54E14CC}.Release|Any CPU.ActiveCfg = Release|Any CPU
		{1D7CF4DC-05A5-4D2A-9630-ED29D54E14CC}.Release|Any CPU.Build.0 = Release|Any CPU
		{1D7CF4DC-05A5-4D2A-9630-ED29D54E14CC}.Release|x86.ActiveCfg = Release|Any CPU
		{1D7CF4DC-05A5-4D2A-9630-ED29D54E14CC}.Release|x86.Build.0 = Release|Any CPU
		{2B040225-C65A-4358-A614-1FDC50D4CBBB}.Debug|Any CPU.ActiveCfg = Debug|Any CPU
		{2B040225-C65A-4358-A614-1FDC50D4CBBB}.Debug|Any CPU.Build.0 = Debug|Any CPU
		{2B040225-C65A-4358-A614-1FDC50D4CBBB}.Debug|x86.ActiveCfg = Debug|Any CPU
		{2B040225-C65A-4358-A614-1FDC50D4CBBB}.Debug|x86.Build.0 = Debug|Any CPU
		{2B040225-C65A-4358-A614-1FDC50D4CBBB}.Release|Any CPU.ActiveCfg = Release|Any CPU
		{2B040225-C65A-4358-A614-1FDC50D4CBBB}.Release|Any CPU.Build.0 = Release|Any CPU
		{2B040225-C65A-4358-A614-1FDC50D4CBBB}.Release|x86.ActiveCfg = Release|Any CPU
		{2B040225-C65A-4358-A614-1FDC50D4CBBB}.Release|x86.Build.0 = Release|Any CPU
		{FB91C96B-D502-44E9-8BB8-B4F8A540A2D0}.Debug|Any CPU.ActiveCfg = Debug|Any CPU
		{FB91C96B-D502-44E9-8BB8-B4F8A540A2D0}.Debug|Any CPU.Build.0 = Debug|Any CPU
		{FB91C96B-D502-44E9-8BB8-B4F8A540A2D0}.Debug|x86.ActiveCfg = Debug|Any CPU
		{FB91C96B-D502-44E9-8BB8-B4F8A540A2D0}.Debug|x86.Build.0 = Debug|Any CPU
		{FB91C96B-D502-44E9-8BB8-B4F8A540A2D0}.Release|Any CPU.ActiveCfg = Release|Any CPU
		{FB91C96B-D502-44E9-8BB8-B4F8A540A2D0}.Release|Any CPU.Build.0 = Release|Any CPU
		{FB91C96B-D502-44E9-8BB8-B4F8A540A2D0}.Release|x86.ActiveCfg = Release|Any CPU
		{FB91C96B-D502-44E9-8BB8-B4F8A540A2D0}.Release|x86.Build.0 = Release|Any CPU
		{0FC7FAE1-3D38-44B7-B6D7-4DCF951D9F76}.Debug|Any CPU.ActiveCfg = Debug|Any CPU
		{0FC7FAE1-3D38-44B7-B6D7-4DCF951D9F76}.Debug|Any CPU.Build.0 = Debug|Any CPU
		{0FC7FAE1-3D38-44B7-B6D7-4DCF951D9F76}.Debug|x86.ActiveCfg = Debug|Any CPU
		{0FC7FAE1-3D38-44B7-B6D7-4DCF951D9F76}.Debug|x86.Build.0 = Debug|Any CPU
		{0FC7FAE1-3D38-44B7-B6D7-4DCF951D9F76}.Release|Any CPU.ActiveCfg = Release|Any CPU
		{0FC7FAE1-3D38-44B7-B6D7-4DCF951D9F76}.Release|Any CPU.Build.0 = Release|Any CPU
		{0FC7FAE1-3D38-44B7-B6D7-4DCF951D9F76}.Release|x86.ActiveCfg = Release|Any CPU
		{0FC7FAE1-3D38-44B7-B6D7-4DCF951D9F76}.Release|x86.Build.0 = Release|Any CPU
		{1ACFD2BC-7FB2-48C4-BE76-30FE92B34C41}.Debug|Any CPU.ActiveCfg = Debug|Any CPU
		{1ACFD2BC-7FB2-48C4-BE76-30FE92B34C41}.Debug|Any CPU.Build.0 = Debug|Any CPU
		{1ACFD2BC-7FB2-48C4-BE76-30FE92B34C41}.Debug|x86.ActiveCfg = Debug|Any CPU
		{1ACFD2BC-7FB2-48C4-BE76-30FE92B34C41}.Debug|x86.Build.0 = Debug|Any CPU
		{1ACFD2BC-7FB2-48C4-BE76-30FE92B34C41}.Release|Any CPU.ActiveCfg = Release|Any CPU
		{1ACFD2BC-7FB2-48C4-BE76-30FE92B34C41}.Release|Any CPU.Build.0 = Release|Any CPU
		{1ACFD2BC-7FB2-48C4-BE76-30FE92B34C41}.Release|x86.ActiveCfg = Release|Any CPU
		{1ACFD2BC-7FB2-48C4-BE76-30FE92B34C41}.Release|x86.Build.0 = Release|Any CPU
		{889D4B83-D52C-4B4F-8367-FB6AC0DC1A7C}.Debug|Any CPU.ActiveCfg = Debug|Any CPU
		{889D4B83-D52C-4B4F-8367-FB6AC0DC1A7C}.Debug|Any CPU.Build.0 = Debug|Any CPU
		{889D4B83-D52C-4B4F-8367-FB6AC0DC1A7C}.Debug|x86.ActiveCfg = Debug|Any CPU
		{889D4B83-D52C-4B4F-8367-FB6AC0DC1A7C}.Debug|x86.Build.0 = Debug|Any CPU
		{889D4B83-D52C-4B4F-8367-FB6AC0DC1A7C}.Release|Any CPU.ActiveCfg = Release|Any CPU
		{889D4B83-D52C-4B4F-8367-FB6AC0DC1A7C}.Release|Any CPU.Build.0 = Release|Any CPU
		{889D4B83-D52C-4B4F-8367-FB6AC0DC1A7C}.Release|x86.ActiveCfg = Release|Any CPU
		{889D4B83-D52C-4B4F-8367-FB6AC0DC1A7C}.Release|x86.Build.0 = Release|Any CPU
		{283D257E-8BC2-4BB7-877E-8D8273876095}.Debug|Any CPU.ActiveCfg = Debug|Any CPU
		{283D257E-8BC2-4BB7-877E-8D8273876095}.Debug|Any CPU.Build.0 = Debug|Any CPU
		{283D257E-8BC2-4BB7-877E-8D8273876095}.Debug|x86.ActiveCfg = Debug|Any CPU
		{283D257E-8BC2-4BB7-877E-8D8273876095}.Debug|x86.Build.0 = Debug|Any CPU
		{283D257E-8BC2-4BB7-877E-8D8273876095}.Release|Any CPU.ActiveCfg = Release|Any CPU
		{283D257E-8BC2-4BB7-877E-8D8273876095}.Release|Any CPU.Build.0 = Release|Any CPU
		{283D257E-8BC2-4BB7-877E-8D8273876095}.Release|x86.ActiveCfg = Release|Any CPU
		{283D257E-8BC2-4BB7-877E-8D8273876095}.Release|x86.Build.0 = Release|Any CPU
	EndGlobalSection
	GlobalSection(SolutionProperties) = preSolution
		HideSolutionNode = FALSE
	EndGlobalSection
EndGlobal
